
Microsoft Visual Studio Solution File, Format Version 12.00
# Visual Studio Version 17
VisualStudioVersion = 17.13.35825.156 d17.13
MinimumVisualStudioVersion = 10.0.40219.1
Project("{FAE04EC0-301F-11D3-BF4B-00C04F79EFBC}") = "APIassignment", "APIassignment.csproj", "{03BC7880-7E80-4461-8ABE-91FDF4D9D924}"
EndProject
Global
	GlobalSection(SolutionConfigurationPlatforms) = preSolution
		Debug|Any CPU = Debug|Any CPU
		Release|Any CPU = Release|Any CPU
	EndGlobalSection
	GlobalSection(ProjectConfigurationPlatforms) = postSolution
		{03BC7880-7E80-4461-8ABE-91FDF4D9D924}.Debug|Any CPU.ActiveCfg = Debug|Any CPU
		{03BC7880-7E80-4461-8ABE-91FDF4D9D924}.Debug|Any CPU.Build.0 = Debug|Any CPU
		{03BC7880-7E80-4461-8ABE-91FDF4D9D924}.Release|Any CPU.ActiveCfg = Release|Any CPU
		{03BC7880-7E80-4461-8ABE-91FDF4D9D924}.Release|Any CPU.Build.0 = Release|Any CPU
	EndGlobalSection
	GlobalSection(SolutionProperties) = preSolution
		HideSolutionNode = FALSE
	EndGlobalSection
	GlobalSection(ExtensibilityGlobals) = postSolution
		SolutionGuid = {04F6FA52-0F74-41F9-AB6C-54AD8B8B2E39}
	EndGlobalSection
EndGlobal
